
Microsoft Visual Studio Solution File, Format Version 12.00
# Visual Studio Version 16
VisualStudioVersion = 16.0.35229.62
MinimumVisualStudioVersion = 10.0.40219.1
Project("{8BC9CEB8-8B4A-11D0-8D11-00A0C91BC942}") = "Supermodel", "Supermodel.vcxproj", "{B114BBD9-8AEA-4DAE-B367-A66A804CB3DD}"
	ProjectSection(ProjectDependencies) = postProject
		{8AB3504F-5E58-4910-AFE8-7A1E595AC3F4} = {8AB3504F-5E58-4910-AFE8-7A1E595AC3F4}
		{81CE8DAF-EBB2-4761-8E45-B71ABCCA8C68} = {81CE8DAF-EBB2-4761-8E45-B71ABCCA8C68}
		{DA956FD3-E142-46F2-9DD5-C78BEBB56B7A} = {DA956FD3-E142-46F2-9DD5-C78BEBB56B7A}
	EndProjectSection
EndProject
Project("{8BC9CEB8-8B4A-11D0-8D11-00A0C91BC942}") = "ZLib", "ZLib\ZLib.vcxproj", "{248D61E0-2E9B-4C73-8839-A31FBCB7D109}"
EndProject
Project("{8BC9CEB8-8B4A-11D0-8D11-00A0C91BC942}") = "Musashi68K", "Musashi68K\Musashi68K.vcxproj", "{1248CF7C-B122-461C-9624-196AEFAE5046}"
EndProject
Project("{8BC9CEB8-8B4A-11D0-8D11-00A0C91BC942}") = "SDL2", "SDL\SDL.vcxproj", "{81CE8DAF-EBB2-4761-8E45-B71ABCCA8C68}"
EndProject
Project("{8BC9CEB8-8B4A-11D0-8D11-00A0C91BC942}") = "SDL2main", "SDLmain\SDLmain.vcxproj", "{DA956FD3-E142-46F2-9DD5-C78BEBB56B7A}"
	ProjectSection(ProjectDependencies) = postProject
		{81CE8DAF-EBB2-4761-8E45-B71ABCCA8C68} = {81CE8DAF-EBB2-4761-8E45-B71ABCCA8C68}
	EndProjectSection
EndProject
Project("{8BC9CEB8-8B4A-11D0-8D11-00A0C91BC942}") = "SDL2_net", "SDLnet\SDL_net.vcxproj", "{8AB3504F-5E58-4910-AFE8-7A1E595AC3F4}"
	ProjectSection(ProjectDependencies) = postProject
		{81CE8DAF-EBB2-4761-8E45-B71ABCCA8C68} = {81CE8DAF-EBB2-4761-8E45-B71ABCCA8C68}
	EndProjectSection
EndProject
Global
	GlobalSection(SolutionConfigurationPlatforms) = preSolution
		Debug|Win32 = Debug|Win32
		Debug|x64 = Debug|x64
		Release|Win32 = Release|Win32
		Release|x64 = Release|x64
	EndGlobalSection
	GlobalSection(ProjectConfigurationPlatforms) = postSolution
		{B114BBD9-8AEA-4DAE-B367-A66A804CB3DD}.Debug|Win32.ActiveCfg = Debug|Win32
		{B114BBD9-8AEA-4DAE-B367-A66A804CB3DD}.Debug|Win32.Build.0 = Debug|Win32
		{B114BBD9-8AEA-4DAE-B367-A66A804CB3DD}.Debug|x64.ActiveCfg = Debug|x64
		{B114BBD9-8AEA-4DAE-B367-A66A804CB3DD}.Debug|x64.Build.0 = Debug|x64
		{B114BBD9-8AEA-4DAE-B367-A66A804CB3DD}.Release|Win32.ActiveCfg = Release|Win32
		{B114BBD9-8AEA-4DAE-B367-A66A804CB3DD}.Release|Win32.Build.0 = Release|Win32
		{B114BBD9-8AEA-4DAE-B367-A66A804CB3DD}.Release|x64.ActiveCfg = Release|x64
		{B114BBD9-8AEA-4DAE-B367-A66A804CB3DD}.Release|x64.Build.0 = Release|x64
		{248D61E0-2E9B-4C73-8839-A31FBCB7D109}.Debug|Win32.ActiveCfg = Debug|Win32
		{248D61E0-2E9B-4C73-8839-A31FBCB7D109}.Debug|Win32.Build.0 = Debug|Win32
		{248D61E0-2E9B-4C73-8839-A31FBCB7D109}.Debug|x64.ActiveCfg = Debug|x64
		{248D61E0-2E9B-4C73-8839-A31FBCB7D109}.Debug|x64.Build.0 = Debug|x64
		{248D61E0-2E9B-4C73-8839-A31FBCB7D109}.Release|Win32.ActiveCfg = Release|Win32
		{248D61E0-2E9B-4C73-8839-A31FBCB7D109}.Release|Win32.Build.0 = Release|Win32
		{248D61E0-2E9B-4C73-8839-A31FBCB7D109}.Release|x64.ActiveCfg = Release|x64
		{248D61E0-2E9B-4C73-8839-A31FBCB7D109}.Release|x64.Build.0 = Release|x64
		{1248CF7C-B122-461C-9624-196AEFAE5046}.Debug|Win32.ActiveCfg = Debug|Win32
		{1248CF7C-B122-461C-9624-196AEFAE5046}.Debug|Win32.Build.0 = Debug|Win32
		{1248CF7C-B122-461C-9624-196AEFAE5046}.Debug|x64.ActiveCfg = Debug|x64
		{1248CF7C-B122-461C-9624-196AEFAE5046}.Debug|x64.Build.0 = Debug|x64
		{1248CF7C-B122-461C-9624-196AEFAE5046}.Release|Win32.ActiveCfg = Release|Win32
		{1248CF7C-B122-461C-9624-196AEFAE5046}.Release|Win32.Build.0 = Release|Win32
		{1248CF7C-B122-461C-9624-196AEFAE5046}.Release|x64.ActiveCfg = Release|x64
		{1248CF7C-B122-461C-9624-196AEFAE5046}.Release|x64.Build.0 = Release|x64
		{81CE8DAF-EBB2-4761-8E45-B71ABCCA8C68}.Debug|Win32.ActiveCfg = Debug|Win32
		{81CE8DAF-EBB2-4761-8E45-B71ABCCA8C68}.Debug|Win32.Build.0 = Debug|Win32
		{81CE8DAF-EBB2-4761-8E45-B71ABCCA8C68}.Debug|x64.ActiveCfg = Debug|x64
		{81CE8DAF-EBB2-4761-8E45-B71ABCCA8C68}.Debug|x64.Build.0 = Debug|x64
		{81CE8DAF-EBB2-4761-8E45-B71ABCCA8C68}.Release|Win32.ActiveCfg = Release|Win32
		{81CE8DAF-EBB2-4761-8E45-B71ABCCA8C68}.Release|Win32.Build.0 = Release|Win32
		{81CE8DAF-EBB2-4761-8E45-B71ABCCA8C68}.Release|x64.ActiveCfg = Release|x64
		{81CE8DAF-EBB2-4761-8E45-B71ABCCA8C68}.Release|x64.Build.0 = Release|x64
		{DA956FD3-E142-46F2-9DD5-C78BEBB56B7A}.Debug|Win32.ActiveCfg = Debug|Win32
		{DA956FD3-E142-46F2-9DD5-C78BEBB56B7A}.Debug|Win32.Build.0 = Debug|Win32
		{DA956FD3-E142-46F2-9DD5-C78BEBB56B7A}.Debug|x64.ActiveCfg = Debug|x64
		{DA956FD3-E142-46F2-9DD5-C78BEBB56B7A}.Debug|x64.Build.0 = Debug|x64
		{DA956FD3-E142-46F2-9DD5-C78BEBB56B7A}.Release|Win32.ActiveCfg = Release|Win32
		{DA956FD3-E142-46F2-9DD5-C78BEBB56B7A}.Release|Win32.Build.0 = Release|Win32
		{DA956FD3-E142-46F2-9DD5-C78BEBB56B7A}.Release|x64.ActiveCfg = Release|x64
		{DA956FD3-E142-46F2-9DD5-C78BEBB56B7A}.Release|x64.Build.0 = Release|x64
		{8AB3504F-5E58-4910-AFE8-7A1E595AC3F4}.Debug|Win32.ActiveCfg = Debug|Win32
		{8AB3504F-5E58-4910-AFE8-7A1E595AC3F4}.Debug|Win32.Build.0 = Debug|Win32
		{8AB3504F-5E58-4910-AFE8-7A1E595AC3F4}.Debug|x64.ActiveCfg = Debug|x64
		{8AB3504F-5E58-4910-AFE8-7A1E595AC3F4}.Debug|x64.Build.0 = Debug|x64
		{8AB3504F-5E58-4910-AFE8-7A1E595AC3F4}.Release|Win32.ActiveCfg = Release|Win32
		{8AB3504F-5E58-4910-AFE8-7A1E595AC3F4}.Release|Win32.Build.0 = Release|Win32
		{8AB3504F-5E58-4910-AFE8-7A1E595AC3F4}.Release|x64.ActiveCfg = Release|x64
		{8AB3504F-5E58-4910-AFE8-7A1E595AC3F4}.Release|x64.Build.0 = Release|x64
	EndGlobalSection
	GlobalSection(SolutionProperties) = preSolution
		HideSolutionNode = FALSE
	EndGlobalSection
	GlobalSection(ExtensibilityGlobals) = postSolution
		SolutionGuid = {D401A375-5949-4129-BE45-10BA8E321555}
	EndGlobalSection
	GlobalSection(Performance) = preSolution
		HasPerformanceSessions = true
	EndGlobalSection
EndGlobal
